<?xml version="1.0" encoding="UTF-8" standalone="yes" ?>
<CodeBlocks_project_file>
	<FileVersion major="1" minor="6" />
	<Project>
		<Option title="PokittoSimHello" />
		<Option makefile="makefile" />
		<Option pch_mode="2" />
		<Option compiler="gcc" />
		<Build>
			<Target title="HelloWorld_win">
				<Option output="bin/Debug/Pokitto_sim" prefix_auto="1" extension_auto="1" />
				<Option working_dir="bin/Debug" />
				<Option object_output="obj/Debug/" />
				<Option type="1" />
				<Option compiler="gcc" />
				<Option use_console_runner="0" />
				<Compiler>
					<Add option="-g" />
					<Add option="-DPROJ_HIRES=1" />
					<Add option="-DPROJ_STARTUPLOGO=1" />
					<Add option="-DPROJ_GAMEBUINO=0" />
					<Add option="-DPROJ_GBSOUND=1" />
					<Add option="-DPROJ_STREAMING_MUSIC=0" />
					<Add option="-DPROJ_ENABLE_SYNTH=1" />
					<Add option="-DPROJ_ENABLE_SOUND=1" />
					<Add option="-DPROJ_WINDOWS=1" />
				</Compiler>
				<Linker>
					<Add library="../lib/win/libPokittoCore.a" />
					<Add library="mingw32" />
					<Add library="SDLmain" />
					<Add library="SDL.dll" />
					<Add library="user32" />
					<Add library="gdi32" />
					<Add library="winmm" />
					<Add library="dxguid" />
				</Linker>
			</Target>
			<Target title="HelloWorld_lin">
				<Option output="bin/Debug/Pokitto_sim" prefix_auto="1" extension_auto="1" />
				<Option working_dir="bin/Debug" />
				<Option object_output="obj/Debug/" />
				<Option type="1" />
				<Option compiler="gcc" />
				<Option use_console_runner="0" />
				<Compiler>
					<Add option="-g" />
					<Add option="-pthread" />
					<Add option="-lasound" />
					<Add option="-lX11" />
					<Add option="-lXext" />
					<Add option="-DPROJ_HIRES=1" />
					<Add option="-DPROJ_STARTUPLOGO=1" />
					<Add option="-DPROJ_GAMEBUINO=0" />
					<Add option="-DPROJ_GBSOUND=1" />
					<Add option="-DPROJ_STREAMING_MUSIC=0" />
					<Add option="-DPROJ_ENABLE_SYNTH=0" />
					<Add option="-DPROJ_ENABLE_SOUND=1" />
					<Add option="-DPROJ_LINUX=1" />
				</Compiler>
				<Linker>
					<Add library="../lib/linux/libPokittoCoreLin.a" />
					<Add library="/usr/lib/x86_64-linux-gnu/libpulse-mainloop-glib.so" />
					<Add library="/usr/lib/x86_64-linux-gnu/libpulse-simple.so" />
					<Add library="/usr/lib/x86_64-linux-gnu/libpulse.so" />
					<Add library="/usr/lib/x86_64-linux-gnu/libdl.so" />
					<Add library="/usr/lib/x86_64-linux-gnu/libSDL2.so" />
					<Add library="/usr/lib/x86_64-linux-gnu/libwayland-server.so" />
					<Add library="/usr/lib/x86_64-linux-gnu/libwayland-client.so" />
					<Add library="/usr/lib/x86_64-linux-gnu/libasound.so" />
					<Add library="/usr/lib/x86_64-linux-gnu/libwayland-cursor.so" />
				</Linker>
			</Target>
			<Target title="Chipengine_win">
				<Option output="bin/Debug/Pokitto_sim" prefix_auto="1" extension_auto="1" />
				<Option working_dir="bin/Debug" />
				<Option object_output="obj/Debug/" />
				<Option type="1" />
				<Option compiler="gcc" />
				<Option use_console_runner="0" />
				<Compiler>
					<Add option="-g" />
					<Add option="-DPROJ_HIRES=0" />
					<Add option="-DPROJ_STARTUPLOGO=1" />
					<Add option="-DPROJ_GAMEBUINO=0" />
					<Add option="-DPROJ_GBSOUND=0" />
					<Add option="-DPROJ_STREAMING_MUSIC=0" />
					<Add option="-DPROJ_ENABLE_SYNTH=1" />
					<Add option="-DPROJ_ENABLE_SOUND=1" />
					<Add option="-DPROJ_WINDOWS=1" />
				</Compiler>
				<Linker>
					<Add library="../lib/win/libPokittoCore.a" />
					<Add library="mingw32" />
					<Add library="SDLmain" />
					<Add library="SDL.dll" />
					<Add library="user32" />
					<Add library="gdi32" />
					<Add library="winmm" />
					<Add library="dxguid" />
				</Linker>
			</Target>
			<Target title="Chipengine_lin">
				<Option output="bin/Debug/Pokitto_sim" prefix_auto="1" extension_auto="1" />
				<Option working_dir="bin/Debug" />
				<Option object_output="obj/Debug/" />
				<Option type="1" />
				<Option compiler="gcc" />
				<Option use_console_runner="0" />
				<Compiler>
					<Add option="-g" />
					<Add option="-pthread" />
					<Add option="-lasound" />
					<Add option="-lX11" />
					<Add option="-lXext" />
					<Add option="-DPROJ_HIRES=0" />
					<Add option="-DPROJ_STARTUPLOGO=1" />
					<Add option="-DPROJ_GAMEBUINO=0" />
					<Add option="-DPROJ_GBSOUND=0" />
					<Add option="-DPROJ_STREAMING_MUSIC=0" />
					<Add option="-DPROJ_ENABLE_SYNTH=1" />
					<Add option="-DPROJ_ENABLE_SOUND=1" />
					<Add option="-DPROJ_LINUX=1" />
				</Compiler>
				<Linker>
					<Add library="../lib/linux/libPokittoCoreLin.a" />
					<Add library="/usr/lib/x86_64-linux-gnu/libpulse-mainloop-glib.so" />
					<Add library="/usr/lib/x86_64-linux-gnu/libpulse-simple.so" />
					<Add library="/usr/lib/x86_64-linux-gnu/libpulse.so" />
					<Add library="/usr/lib/x86_64-linux-gnu/libdl.so" />
					<Add library="/usr/lib/x86_64-linux-gnu/libSDL2.so" />
					<Add library="/usr/lib/x86_64-linux-gnu/libwayland-server.so" />
					<Add library="/usr/lib/x86_64-linux-gnu/libwayland-client.so" />
					<Add library="/usr/lib/x86_64-linux-gnu/libasound.so" />
					<Add library="/usr/lib/x86_64-linux-gnu/libwayland-cursor.so" />
				</Linker>
			</Target>
			<Target title="RLEbitmapDemo_win">
				<Option output="bin/Debug/Pokitto_sim" prefix_auto="1" extension_auto="1" />
				<Option working_dir="bin/Debug" />
				<Option object_output="obj/Debug/" />
				<Option type="1" />
				<Option compiler="gcc" />
				<Option use_console_runner="0" />
				<Compiler>
					<Add option="-g" />
					<Add option="-DPROJ_HIRES=1" />
					<Add option="-DPROJ_STARTUPLOGO=1" />
					<Add option="-DPROJ_GAMEBUINO=0" />
					<Add option="-DPROJ_GBSOUND=0" />
					<Add option="-DPROJ_STREAMING_MUSIC=0" />
					<Add option="-DPROJ_ENABLE_SYNTH=0" />
					<Add option="-DPROJ_ENABLE_SOUND=0" />
					<Add option="-DPROJ_WINDOWS=1" />
				</Compiler>
				<Linker>
					<Add library="../lib/win/libPokittoCore.a" />
					<Add library="mingw32" />
					<Add library="SDLmain" />
					<Add library="SDL.dll" />
					<Add library="user32" />
					<Add library="gdi32" />
					<Add library="winmm" />
					<Add library="dxguid" />
				</Linker>
			</Target>
			<Target title="UIwidgets_win">
				<Option output="bin/Debug/Pokitto_sim" prefix_auto="1" extension_auto="1" />
				<Option working_dir="bin/Debug" />
				<Option object_output="obj/Debug/" />
				<Option type="1" />
				<Option compiler="gcc" />
				<Option use_console_runner="0" />
				<Compiler>
					<Add option="-g" />
					<Add option="-DPROJ_HIRES=0" />
					<Add option="-DPROJ_STARTUPLOGO=1" />
					<Add option="-DPROJ_GAMEBUINO=0" />
					<Add option="-DPROJ_GBSOUND=1" />
					<Add option="-DPROJ_STREAMING_MUSIC=0" />
					<Add option="-DPROJ_ENABLE_SYNTH=0" />
					<Add option="-DPROJ_ENABLE_SOUND=1" />
					<Add option="-DPROJ_WINDOWS=1" />
				</Compiler>
				<Linker>
					<Add library="../lib/win/libPokittoCore.a" />
					<Add library="mingw32" />
					<Add library="SDLmain" />
					<Add library="SDL.dll" />
					<Add library="user32" />
					<Add library="gdi32" />
					<Add library="winmm" />
					<Add library="dxguid" />
				</Linker>
			</Target>
			<Target title="UIwidgets_lin">
				<Option output="bin/Debug/Pokitto_sim" prefix_auto="1" extension_auto="1" />
				<Option working_dir="bin/Debug" />
				<Option object_output="obj/Debug/" />
				<Option type="1" />
				<Option compiler="gcc" />
				<Option use_console_runner="0" />
				<Compiler>
					<Add option="-g" />
					<Add option="-pthread" />
					<Add option="-lasound" />
					<Add option="-lX11" />
					<Add option="-lXext" />
					<Add option="-DPROJ_HIRES=1" />
					<Add option="-DPROJ_STARTUPLOGO=1" />
					<Add option="-DPROJ_GAMEBUINO=0" />
					<Add option="-DPROJ_GBSOUND=1" />
					<Add option="-DPROJ_STREAMING_MUSIC=0" />
					<Add option="-DPROJ_ENABLE_SYNTH=0" />
					<Add option="-DPROJ_ENABLE_SOUND=1" />
					<Add option="-DPROJ_LINUX=1" />
				</Compiler>
				<Linker>
					<Add library="../lib/linux/libPokittoCoreLin.a" />
					<Add library="/usr/lib/x86_64-linux-gnu/libpulse-mainloop-glib.so" />
					<Add library="/usr/lib/x86_64-linux-gnu/libpulse-simple.so" />
					<Add library="/usr/lib/x86_64-linux-gnu/libpulse.so" />
					<Add library="/usr/lib/x86_64-linux-gnu/libdl.so" />
					<Add library="/usr/lib/x86_64-linux-gnu/libSDL2.so" />
					<Add library="/usr/lib/x86_64-linux-gnu/libwayland-server.so" />
					<Add library="/usr/lib/x86_64-linux-gnu/libwayland-client.so" />
					<Add library="/usr/lib/x86_64-linux-gnu/libasound.so" />
					<Add library="/usr/lib/x86_64-linux-gnu/libwayland-cursor.so" />
				</Linker>
			</Target>
		</Build>
		<Compiler>
			<Add option="-Wall" />
			<Add option="-std=gnu++11" />
			<Add option="-fsigned-char" />
			<Add option="-DPOK_SIM" />
			<Add directory="../SDL2/include" />
			<Add directory="../POKITTO_CORE" />
			<Add directory="../POKITTO_SIM" />
			<Add directory="../POKITTO_SIM/mbed_sim" />
			<Add directory="../POKITTO_LIBS/FileIO" />
			<Add directory="../POKITTO_LIBS/Synth" />
			<Add directory="../POKITTO_LIBS/ImageFormat" />
			<Add directory="../POKITTO_LIBS/UIWidgets" />
			<Add directory="../POKITTO_CORE/FONTS" />
			<Add directory="../" />
			<Add directory="tinydir" />
		</Compiler>
		<Linker>
			<Add option="-Wl,-Map=main.map" />
			<Add directory="../SDL2/lib" />
		</Linker>
		<Unit filename="../EXAMPLES/Chipeng.cpp">
			<Option target="Chipengine_win" />
			<Option target="Chipengine_lin" />
		</Unit>
		<Unit filename="../EXAMPLES/Hello.cpp">
			<Option target="HelloWorld_win" />
			<Option target="HelloWorld_lin" />
		</Unit>
		<Unit filename="../EXAMPLES/RLEbitmap.cpp">
			<Option target="RLEbitmapDemo_win" />
		</Unit>
		<Unit filename="../EXAMPLES/UIWidgets.cpp">
			<Option target="UIwidgets_win" />
			<Option target="UIwidgets_lin" />
		</Unit>
		<Unit filename="../POKITTO_CORE/FONTS/adventurer12x16.cpp" />
		<Unit filename="../POKITTO_CORE/FONTS/donut7x10.cpp" />
		<Unit filename="../POKITTO_CORE/FONTS/dragon6x8.cpp" />
		<Unit filename="../POKITTO_CORE/FONTS/font3x3.cpp" />
		<Unit filename="../POKITTO_CORE/FONTS/font3x5.cpp" />
		<Unit filename="../POKITTO_CORE/FONTS/font5x7.cpp" />
		<Unit filename="../POKITTO_CORE/FONTS/fontC64.cpp" />
		<Unit filename="../POKITTO_CORE/FONTS/fontC64UIGfx.cpp" />
		<Unit filename="../POKITTO_CORE/FONTS/karateka8x11.cpp" />
		<Unit filename="../POKITTO_CORE/FONTS/koubit7x7.cpp" />
		<Unit filename="../POKITTO_CORE/FONTS/mini4x6.cpp" />
		<Unit filename="../POKITTO_CORE/FONTS/runes6x8.cpp" />
		<Unit filename="../POKITTO_CORE/FONTS/tight4x7.cpp" />
		<Unit filename="../POKITTO_CORE/FONTS/tiny5x7.cpp" />
		<Unit filename="../POKITTO_CORE/GBcompatibility.h" />
		<Unit filename="../POKITTO_CORE/Localization.h" />
		<Unit filename="../POKITTO_CORE/Macros_LCD.h" />
		<Unit filename="../POKITTO_CORE/PALETTES/palAction.cpp" />
		<Unit filename="../POKITTO_CORE/PALETTES/palCGA.cpp" />
		<Unit filename="../POKITTO_CORE/PALETTES/palDefault.cpp" />
		<Unit filename="../POKITTO_CORE/PALETTES/palGameboy.cpp" />
		<Unit filename="../POKITTO_CORE/PALETTES/palMagma.cpp" />
		<Unit filename="../POKITTO_CORE/PALETTES/palMono.cpp" />
		<Unit filename="../POKITTO_CORE/PALETTES/palPico.cpp" />
		<Unit filename="../POKITTO_CORE/PALETTES/palRainbow.cpp" />
		<Unit filename="../POKITTO_CORE/PokittoBacklight.cpp" />
		<Unit filename="../POKITTO_CORE/PokittoBacklight.h" />
		<Unit filename="../POKITTO_CORE/PokittoBattery.cpp" />
		<Unit filename="../POKITTO_CORE/PokittoBattery.h" />
		<Unit filename="../POKITTO_CORE/PokittoButtons.cpp" />
		<Unit filename="../POKITTO_CORE/PokittoButtons.h" />
		<Unit filename="../POKITTO_CORE/PokittoConsole.h" />
		<Unit filename="../POKITTO_CORE/PokittoCore.cpp">
			<Option weight="0" />
		</Unit>
		<Unit filename="../POKITTO_CORE/PokittoCore.h" />
		<Unit filename="../POKITTO_CORE/PokittoDisk.h" />
		<Unit filename="../POKITTO_CORE/PokittoDisplay.cpp" />
		<Unit filename="../POKITTO_CORE/PokittoDisplay.h" />
		<Unit filename="../POKITTO_CORE/PokittoFakeavr.h" />
		<Unit filename="../POKITTO_CORE/PokittoFonts.h" />
		<Unit filename="../POKITTO_CORE/PokittoGlobs.h" />
		<Unit filename="../POKITTO_CORE/PokittoItoa.cpp" />
		<Unit filename="../POKITTO_CORE/PokittoItoa.h" />
		<Unit filename="../POKITTO_CORE/PokittoLogos.cpp" />
		<Unit filename="../POKITTO_CORE/PokittoLogos.h" />
		<Unit filename="../POKITTO_CORE/PokittoPalettes.h" />
		<Unit filename="../POKITTO_CORE/PokittoSound.cpp" />
		<Unit filename="../POKITTO_CORE/PokittoSound.h" />
		<Unit filename="../POKITTO_CORE/PokittoTimer.h" />
		<Unit filename="../POKITTO_CORE/Pokitto_core.h" />
		<Unit filename="../POKITTO_CORE/Pokitto_disk.h" />
		<Unit filename="../POKITTO_CORE/Pokitto_fakeavr.h" />
		<Unit filename="../POKITTO_CORE/Pokitto_itoa.h" />
		<Unit filename="../POKITTO_CORE/Pokitto_timer.h" />
		<Unit filename="../POKITTO_CORE/binary.h" />
		<Unit filename="../POKITTO_CORE/pok_logo_186.png">
			<Option target="HelloWorld_lin" />
			<Option target="Chipengine_lin" />
			<Option target="UIwidgets_lin" />
		</Unit>
		<Unit filename="../POKITTO_LIBS/FileIO/FileIO.h" />
		<Unit filename="../POKITTO_LIBS/FileIO/FileIO_SIM.cpp" />
		<Unit filename="../POKITTO_LIBS/ImageFormat/BmpImage.cpp" />
		<Unit filename="../POKITTO_LIBS/ImageFormat/ImageFormat.h" />
		<Unit filename="../POKITTO_LIBS/ImageFormat/defines_linux_SIM.h">
			<Option target="HelloWorld_lin" />
			<Option target="Chipengine_lin" />
			<Option target="UIwidgets_lin" />
		</Unit>
		<Unit filename="../POKITTO_LIBS/ImageFormat/defines_win_SIM.h">
			<Option target="HelloWorld_win" />
			<Option target="Chipengine_win" />
			<Option target="RLEbitmapDemo_win" />
			<Option target="UIwidgets_win" />
		</Unit>
		<Unit filename="../POKITTO_LIBS/Synth/Synth.cpp" />
		<Unit filename="../POKITTO_LIBS/Synth/Synth.h" />
		<Unit filename="../POKITTO_LIBS/Synth/Synth_envfuncs.cpp" />
		<Unit filename="../POKITTO_LIBS/Synth/Synth_helpers.cpp" />
		<Unit filename="../POKITTO_LIBS/Synth/Synth_mixfuncs.cpp" />
		<Unit filename="../POKITTO_LIBS/Synth/Synth_osc.h" />
		<Unit filename="../POKITTO_LIBS/Synth/Synth_oscfuncs.cpp" />
		<Unit filename="../POKITTO_LIBS/Synth/Synth_song.h" />
		<Unit filename="../POKITTO_LIBS/Synth/Synth_songfuncs.cpp" />
		<Unit filename="../POKITTO_LIBS/Synth/Synth_wavefuncs.cpp" />
		<Unit filename="../POKITTO_LIBS/UIWidgets/ListBox.cpp" />
		<Unit filename="../POKITTO_LIBS/UIWidgets/ListBox.h" />
		<Unit filename="../POKITTO_LIBS/UIWidgets/UIWidget.cpp" />
		<Unit filename="../POKITTO_LIBS/UIWidgets/UIWidget.h" />
		<Unit filename="../POKITTO_LIBS/UIWidgets/UIWidgetBasic.cpp" />
		<Unit filename="../POKITTO_LIBS/UIWidgets/UIWidgetBasic.h" />
		<Unit filename="../Pokitto.h">
			<Option target="HelloWorld_lin" />
			<Option target="Chipengine_lin" />
			<Option target="UIwidgets_lin" />
		</Unit>
		<Unit filename="../Pokitto_settings.h">
			<Option weight="0" />
			<Option target="HelloWorld_lin" />
			<Option target="Chipengine_lin" />
			<Option target="UIwidgets_lin" />
		</Unit>
		<Unit filename="PokittoClock.cpp" />
		<Unit filename="PokittoSimButtons.cpp" />
		<Unit filename="PokittoSimCore.cpp" />
		<Unit filename="PokittoSimulator.cpp" />
		<Unit filename="PokittoSimulator.h" />
		<Unit filename="SimLCD.h">
			<Option target="HelloWorld_lin" />
			<Option target="Chipengine_lin" />
			<Option target="UIwidgets_lin" />
		</Unit>
		<Unit filename="SimSound.cpp" />
		<Unit filename="SimSound.h" />
		<Unit filename="WriteWav.cpp" />
		<Unit filename="WriteWav.h" />
		<Unit filename="mbed_sim/AnalogIn.h">
			<Option target="HelloWorld_lin" />
			<Option target="Chipengine_lin" />
			<Option target="UIwidgets_lin" />
		</Unit>
		<Unit filename="mbed_sim/AnalogOut.h">
			<Option target="HelloWorld_lin" />
			<Option target="Chipengine_lin" />
			<Option target="UIwidgets_lin" />
		</Unit>
		<Unit filename="mbed_sim/DigitalOut.h">
			<Option target="HelloWorld_lin" />
			<Option target="Chipengine_lin" />
			<Option target="UIwidgets_lin" />
		</Unit>
		<Unit filename="mbed_sim/InterruptIn.h">
			<Option target="HelloWorld_lin" />
			<Option target="Chipengine_lin" />
			<Option target="UIwidgets_lin" />
		</Unit>
		<Unit filename="mbed_sim/LPC11U6x.h">
			<Option target="HelloWorld_lin" />
			<Option target="Chipengine_lin" />
			<Option target="UIwidgets_lin" />
		</Unit>
		<Unit filename="mbed_sim/PeripheralNames.h">
			<Option target="HelloWorld_lin" />
			<Option target="Chipengine_lin" />
			<Option target="UIwidgets_lin" />
		</Unit>
		<Unit filename="mbed_sim/PinNames.h">
			<Option target="HelloWorld_lin" />
			<Option target="Chipengine_lin" />
			<Option target="UIwidgets_lin" />
		</Unit>
		<Unit filename="mbed_sim/PwmOut.h">
			<Option target="HelloWorld_lin" />
			<Option target="Chipengine_lin" />
			<Option target="UIwidgets_lin" />
		</Unit>
		<Unit filename="mbed_sim/analogin_api.h">
			<Option target="HelloWorld_lin" />
			<Option target="Chipengine_lin" />
			<Option target="UIwidgets_lin" />
		</Unit>
		<Unit filename="mbed_sim/analogout_api.h">
			<Option target="HelloWorld_lin" />
			<Option target="Chipengine_lin" />
			<Option target="UIwidgets_lin" />
		</Unit>
		<Unit filename="mbed_sim/device.h">
			<Option target="HelloWorld_lin" />
			<Option target="Chipengine_lin" />
			<Option target="UIwidgets_lin" />
		</Unit>
		<Unit filename="mbed_sim/gpio_api.h">
			<Option target="HelloWorld_lin" />
			<Option target="Chipengine_lin" />
			<Option target="UIwidgets_lin" />
		</Unit>
		<Unit filename="mbed_sim/gpio_irq_api.h">
			<Option target="HelloWorld_lin" />
			<Option target="Chipengine_lin" />
			<Option target="UIwidgets_lin" />
		</Unit>
		<Unit filename="mbed_sim/gpio_object.h">
			<Option target="HelloWorld_lin" />
			<Option target="Chipengine_lin" />
			<Option target="UIwidgets_lin" />
		</Unit>
		<Unit filename="mbed_sim/mbed.h">
			<Option target="HelloWorld_lin" />
			<Option target="Chipengine_lin" />
			<Option target="UIwidgets_lin" />
		</Unit>
		<Unit filename="mbed_sim/mbed_sim.cpp">
			<Option target="HelloWorld_lin" />
			<Option target="Chipengine_lin" />
			<Option target="UIwidgets_lin" />
		</Unit>
		<Unit filename="mbed_sim/objects.h">
			<Option target="HelloWorld_lin" />
			<Option target="Chipengine_lin" />
			<Option target="UIwidgets_lin" />
		</Unit>
		<Unit filename="mbed_sim/platform.h">
			<Option target="HelloWorld_lin" />
			<Option target="Chipengine_lin" />
			<Option target="UIwidgets_lin" />
		</Unit>
		<Unit filename="mbed_sim/pwmout_api.h">
			<Option target="HelloWorld_lin" />
			<Option target="Chipengine_lin" />
			<Option target="UIwidgets_lin" />
		</Unit>
		<Extensions>
			<code_completion />
			<envvars />
			<debugger />
			<lib_finder disable_auto="1" />
			<DoxyBlocks>
				<comment_style block="0" line="0" />
				<doxyfile_project />
				<doxyfile_build />
				<doxyfile_warnings />
				<doxyfile_output />
				<doxyfile_dot />
				<general />
			</DoxyBlocks>
		</Extensions>
	</Project>
</CodeBlocks_project_file>
